{
  "name": "agoraapis",
  "version": "1.0.0",
  "lockfileVersion": 3,
  "requires": true,
  "packages": {
    "": {
      "name": "agoraapis",
      "version": "1.0.0",
      "license": "MIT",
      "dependencies": {
        "koffi": "^2.12.3",
        "libwin32": "^0.8.1",
        "ref-napi": "^3.0.3",
        "win32": "^7.2.0",
        "win32-api": "^26.1.2"
      }
    },
    "node_modules/@cloudcmd/formatify": {
      "version": "2.0.1",
      "resolved": "https://registry.npmjs.org/@cloudcmd/formatify/-/formatify-2.0.1.tgz",
      "integrity": "sha512-rZEDd24fWK9D5z/OG7wvG2aFJVD6uUNH0dJYyfwRvCRQGd5I6eRRLK8bA0osbeK6tpvX8BHlKYGAyYO+O4fLQQ==",
      "license": "MIT",
      "dependencies": {
        "format-io": "^2.0.0",
        "shortdate": "^2.0.0"
      },
      "engines": {
        "node": ">=18"
      }
    },
    "node_modules/@cloudcmd/sortify": {
      "version": "2.0.1",
      "resolved": "https://registry.npmjs.org/@cloudcmd/sortify/-/sortify-2.0.1.tgz",
      "integrity": "sha512-16LyX6TpadUweN9EM+bWPliJ0e0bLpYMB48DlE3cQnijiQLCXP3iC+MQAVtpSuD+ELlOiKslClQiUikRMomkJg==",
      "license": "MIT",
      "engines": {
        "node": ">=8.3.0"
      }
    },
    "node_modules/@septh/koffi-darwin-arm64": {
      "version": "2.12.3",
      "resolved": "https://registry.npmjs.org/@septh/koffi-darwin-arm64/-/koffi-darwin-arm64-2.12.3.tgz",
      "integrity": "sha512-MXLekQoMj5qkKf7X0byKs6e8D0qIXjoVP4QkVRXmnmN0KsynJzN2NN78bs5kdsFcMLfKeYoCjgXRzEpIDb3N3Q==",
      "cpu": [
        "arm64"
      ],
      "license": "MIT",
      "optional": true,
      "os": [
        "darwin"
      ],
      "engines": {
        "node": "^12.22.0 || ^14.17.0 || ^15.12.0 || >= 16",
        "npm": ">= 10.4.0",
        "pnpm": ">= 7.1.0",
        "yarn": ">= 3.2.0"
      }
    },
    "node_modules/@septh/koffi-darwin-x64": {
      "version": "2.12.3",
      "resolved": "https://registry.npmjs.org/@septh/koffi-darwin-x64/-/koffi-darwin-x64-2.12.3.tgz",
      "integrity": "sha512-6F8A3Bfg9tqeY5P7N8MDIhWXo/zxiQBckAiopQMvnb8tdyVEdCdB4Dy+an6NPMt5FAqoJt3MkfruSUOqrfeNIw==",
      "cpu": [
        "x64"
      ],
      "license": "MIT",
      "optional": true,
      "os": [
        "darwin"
      ],
      "engines": {
        "node": "^12.22.0 || ^14.17.0 || ^15.12.0 || >= 16",
        "npm": ">= 10.4.0",
        "pnpm": ">= 7.1.0",
        "yarn": ">= 3.2.0"
      }
    },
    "node_modules/@septh/koffi-freebsd-arm64": {
      "version": "2.12.3",
      "resolved": "https://registry.npmjs.org/@septh/koffi-freebsd-arm64/-/koffi-freebsd-arm64-2.12.3.tgz",
      "integrity": "sha512-OwNaB2WhDPSkWrWnGis2tuyyR9mybAt2/iZcxEhD8jtzB4Rz0FdRRuowdptGzQVpY5FZ92QjKno9zWZDMzN5RQ==",
      "cpu": [
        "arm64"
      ],
      "license": "MIT",
      "optional": true,
      "os": [
        "freebsd"
      ],
      "engines": {
        "node": "^12.22.0 || ^14.17.0 || ^15.12.0 || >= 16",
        "npm": ">= 10.4.0",
        "pnpm": ">= 7.1.0",
        "yarn": ">= 3.2.0"
      }
    },
    "node_modules/@septh/koffi-freebsd-x64": {
      "version": "2.12.3",
      "resolved": "https://registry.npmjs.org/@septh/koffi-freebsd-x64/-/koffi-freebsd-x64-2.12.3.tgz",
      "integrity": "sha512-OJQjQQHFK16H9mXMm8YI1DhWXq+u9uwGi7La5Djh9MP6Q7nu2heI0cSDjC9wh9iXT8VZlrcMs+1nJAM7XWd76A==",
      "cpu": [
        "x64"
      ],
      "license": "MIT",
      "optional": true,
      "os": [
        "freebsd"
      ],
      "engines": {
        "node": "^12.22.0 || ^14.17.0 || ^15.12.0 || >= 16",
        "npm": ">= 10.4.0",
        "pnpm": ">= 7.1.0",
        "yarn": ">= 3.2.0"
      }
    },
    "node_modules/@septh/koffi-linux-arm64-glibc": {
      "version": "2.12.3",
      "resolved": "https://registry.npmjs.org/@septh/koffi-linux-arm64-glibc/-/koffi-linux-arm64-glibc-2.12.3.tgz",
      "integrity": "sha512-6flIdKIFfwtc4Vms8Q4QgPxG+lkfXwdO3/dK+AauRoX/3U8dq/zMmcgLzhe26/EucHlJmel1LtGWr+BDG56rZw==",
      "cpu": [
        "arm64"
      ],
      "license": "MIT",
      "optional": true,
      "os": [
        "linux"
      ],
      "engines": {
        "node": "^12.22.0 || ^14.17.0 || ^15.12.0 || >= 16",
        "npm": ">= 10.4.0",
        "pnpm": ">= 7.1.0",
        "yarn": ">= 3.2.0"
      }
    },
    "node_modules/@septh/koffi-linux-arm64-musl": {
      "version": "2.12.3",
      "resolved": "https://registry.npmjs.org/@septh/koffi-linux-arm64-musl/-/koffi-linux-arm64-musl-2.12.3.tgz",
      "integrity": "sha512-PIP2wIXDfbsvrNfRDSkZOoRIAhBVYwrAcy5ft7VsUimFnixW+/1CilQdlJACo7A+Owm0JPc6+G0jrnYw+3pADw==",
      "cpu": [
        "arm64"
      ],
      "license": "MIT",
      "optional": true,
      "os": [
        "linux"
      ],
      "engines": {
        "node": "^12.22.0 || ^14.17.0 || ^15.12.0 || >= 16",
        "npm": ">= 10.4.0",
        "pnpm": ">= 7.1.0",
        "yarn": ">= 3.2.0"
      }
    },
    "node_modules/@septh/koffi-linux-loong64": {
      "version": "2.12.3",
      "resolved": "https://registry.npmjs.org/@septh/koffi-linux-loong64/-/koffi-linux-loong64-2.12.3.tgz",
      "integrity": "sha512-O5PThNuktUhp/gfGg8JoY2wPoMy8ht3jajAfCB1/9xysF1C4TZZ8foVKOtZK6oW5WnT4s9uSawligWh1yOls0g==",
      "cpu": [
        "loong64"
      ],
      "license": "MIT",
      "optional": true,
      "os": [
        "linux"
      ],
      "engines": {
        "node": "^12.22.0 || ^14.17.0 || ^15.12.0 || >= 16",
        "npm": ">= 10.4.0",
        "pnpm": ">= 7.1.0",
        "yarn": ">= 3.2.0"
      }
    },
    "node_modules/@septh/koffi-linux-riscv64": {
      "version": "2.12.3",
      "resolved": "https://registry.npmjs.org/@septh/koffi-linux-riscv64/-/koffi-linux-riscv64-2.12.3.tgz",
      "integrity": "sha512-yPDAh28eUux93RE+1HWzrdxkz6I18io6VuXEd5MgfTJX6ePHCtpsX2eHlgJBe38QW5aMNR/inpbtWw+BZffycg==",
      "cpu": [
        "riscv64"
      ],
      "license": "MIT",
      "optional": true,
      "os": [
        "linux"
      ],
      "engines": {
        "node": "^12.22.0 || ^14.17.0 || ^15.12.0 || >= 16",
        "npm": ">= 10.4.0",
        "pnpm": ">= 7.1.0",
        "yarn": ">= 3.2.0"
      }
    },
    "node_modules/@septh/koffi-linux-x64-glibc": {
      "version": "2.12.3",
      "resolved": "https://registry.npmjs.org/@septh/koffi-linux-x64-glibc/-/koffi-linux-x64-glibc-2.12.3.tgz",
      "integrity": "sha512-3B1ZjRV6P5sI1v2K/8jvqIQ3LU6NJEZ3Auxu4oUI54KQwmh60LPecXwTrGIuAgVTSIU4BE6hjGlG8AQP21KRFQ==",
      "cpu": [
        "x64"
      ],
      "license": "MIT",
      "optional": true,
      "os": [
        "linux"
      ],
      "engines": {
        "node": "^12.22.0 || ^14.17.0 || ^15.12.0 || >= 16",
        "npm": ">= 10.4.0",
        "pnpm": ">= 7.1.0",
        "yarn": ">= 3.2.0"
      }
    },
    "node_modules/@septh/koffi-linux-x64-musl": {
      "version": "2.12.3",
      "resolved": "https://registry.npmjs.org/@septh/koffi-linux-x64-musl/-/koffi-linux-x64-musl-2.12.3.tgz",
      "integrity": "sha512-VU7cemI3aHRQ1e2Xs4EGuSiJxkxkbdzDGnY9ujvGr2BnGqX3fk4PxqJWFWSaB4HFWIa06Ut8WYbTrz65DafCLA==",
      "cpu": [
        "x64"
      ],
      "license": "MIT",
      "optional": true,
      "os": [
        "linux"
      ],
      "engines": {
        "node": "^12.22.0 || ^14.17.0 || ^15.12.0 || >= 16",
        "npm": ">= 10.4.0",
        "pnpm": ">= 7.1.0",
        "yarn": ">= 3.2.0"
      }
    },
    "node_modules/@septh/koffi-openbsd-x64": {
      "version": "2.12.3",
      "resolved": "https://registry.npmjs.org/@septh/koffi-openbsd-x64/-/koffi-openbsd-x64-2.12.3.tgz",
      "integrity": "sha512-sktzvphnaopYFFKO/uQj+5AxejQbSqh8cZp2+UYfH6G8BJHOaqNNowR5pSd1flhaOfSIkx/T+oqfkPO+OsmF8w==",
      "cpu": [
        "x64"
      ],
      "license": "MIT",
      "optional": true,
      "os": [
        "openbsd"
      ],
      "engines": {
        "node": "^12.22.0 || ^14.17.0 || ^15.12.0 || >= 16",
        "npm": ">= 10.4.0",
        "pnpm": ">= 7.1.0",
        "yarn": ">= 3.2.0"
      }
    },
    "node_modules/@septh/koffi-win32-arm64": {
      "version": "2.12.3",
      "resolved": "https://registry.npmjs.org/@septh/koffi-win32-arm64/-/koffi-win32-arm64-2.12.3.tgz",
      "integrity": "sha512-17ArwTzZ3W7TmbO61DK/UbuWyJInrQRaJLAei4mDMLRZWX/thgBIBhDxrV1qTuiVVbcE+xVGgbmbdq1PVVqGqw==",
      "cpu": [
        "arm64"
      ],
      "license": "MIT",
      "optional": true,
      "os": [
        "win32"
      ],
      "engines": {
        "node": "^12.22.0 || ^14.17.0 || ^15.12.0 || >= 16",
        "npm": ">= 10.4.0",
        "pnpm": ">= 7.1.0",
        "yarn": ">= 3.2.0"
      }
    },
    "node_modules/@septh/koffi-win32-x64": {
      "version": "2.12.3",
      "resolved": "https://registry.npmjs.org/@septh/koffi-win32-x64/-/koffi-win32-x64-2.12.3.tgz",
      "integrity": "sha512-NWx7zPt1dtzbX1eSESLbGo+F4oLLTWF+Q2TzxEQWObwrUiZFfk21M9vmVCt8KZJwWcttAUo2QE8fFePkeeDCaw==",
      "cpu": [
        "x64"
      ],
      "license": "MIT",
      "optional": true,
      "os": [
        "win32"
      ],
      "engines": {
        "node": "^12.22.0 || ^14.17.0 || ^15.12.0 || >= 16",
        "npm": ">= 10.4.0",
        "pnpm": ">= 7.1.0",
        "yarn": ">= 3.2.0"
      }
    },
    "node_modules/@waiting/shared-types": {
      "version": "23.24.0",
      "resolved": "https://registry.npmjs.org/@waiting/shared-types/-/shared-types-23.24.0.tgz",
      "integrity": "sha512-E7U3ulMbHiT05Jd8RlepovGeixCQMAdJMkGE83s/JMtCOx0n02Ss7OURLVgV+j06SeHZ52wCBoHfriqlW6Pa3w==",
      "license": "MIT",
      "engines": {
        "node": ">=18.12.0"
      }
    },
    "node_modules/buffer-crc32": {
      "version": "0.2.13",
      "resolved": "https://registry.npmjs.org/buffer-crc32/-/buffer-crc32-0.2.13.tgz",
      "integrity": "sha512-VO9Ht/+p3SN7SKWqcrgEzjGbRSJYTx+Q1pTQC0wrWqHx0vpJraQ6GtHx8tvcg1rlK1byhU5gccxgOgj7B0TDkQ==",
      "license": "MIT",
      "engines": {
        "node": "*"
      }
    },
    "node_modules/checkup": {
      "version": "1.3.0",
      "resolved": "https://registry.npmjs.org/checkup/-/checkup-1.3.0.tgz",
      "integrity": "sha512-Q+WD1COo+fDVVdwrjXM5YEuwF0/c8PZXokgs/akvQxaw6eeMfXj35rlmiFOucBIaH8ckUm8RgZYIwci7xi2GaQ==",
      "license": "MIT",
      "engines": {
        "node": ">=0.8"
      }
    },
    "node_modules/currify": {
      "version": "4.0.0",
      "resolved": "https://registry.npmjs.org/currify/-/currify-4.0.0.tgz",
      "integrity": "sha512-ABfH28PWp5oqqp31cLXJQdeMqoFNej9rJOu84wKhN3jPCH7FAZg3zY1MVI27PTFoqfPlxOyhGmh9PzOVv+yN2g==",
      "license": "MIT"
    },
    "node_modules/debug": {
      "version": "4.4.1",
      "resolved": "https://registry.npmjs.org/debug/-/debug-4.4.1.tgz",
      "integrity": "sha512-KcKCqiftBJcZr++7ykoDIEwSa3XWowTfNPo92BYxjXiyYEVrUQh2aLyhxBCwww+heortUFxEJYcRzosstTEBYQ==",
      "license": "MIT",
      "dependencies": {
        "ms": "^2.1.3"
      },
      "engines": {
        "node": ">=6.0"
      },
      "peerDependenciesMeta": {
        "supports-color": {
          "optional": true
        }
      }
    },
    "node_modules/fd-slicer": {
      "version": "1.1.0",
      "resolved": "https://registry.npmjs.org/fd-slicer/-/fd-slicer-1.1.0.tgz",
      "integrity": "sha512-cE1qsB/VwyQozZ+q1dGxR8LBYNZeofhEdUNGSMbQD3Gw2lAzX9Zb3uIU6Ebc/Fmyjo9AWWfnn0AUCHqtevs/8g==",
      "license": "MIT",
      "dependencies": {
        "pend": "~1.2.0"
      }
    },
    "node_modules/format-io": {
      "version": "2.0.0",
      "resolved": "https://registry.npmjs.org/format-io/-/format-io-2.0.0.tgz",
      "integrity": "sha512-iQz8w2qr4f+doWBV6LsfScHbu1gXhccByjbmA1wjBTaKRhweH2baJL96UGR4C7Fjpr8zSkK7EXiLmbzZWTyQIA==",
      "license": "MIT",
      "dependencies": {
        "currify": "^4.0.0"
      },
      "engines": {
        "node": ">=8"
      }
    },
    "node_modules/fullstore": {
      "version": "3.0.0",
      "resolved": "https://registry.npmjs.org/fullstore/-/fullstore-3.0.0.tgz",
      "integrity": "sha512-EEIdG+HWpyygWRwSLIZy+x4u0xtghjHNfhQb0mI5825Mmjq6oFESFUY0hoZigEgd3KH8GX+ZOCK9wgmOiS7VBQ==",
      "license": "MIT",
      "engines": {
        "node": ">=4"
      }
    },
    "node_modules/get-symbol-from-current-process-h": {
      "version": "1.0.2",
      "resolved": "https://registry.npmjs.org/get-symbol-from-current-process-h/-/get-symbol-from-current-process-h-1.0.2.tgz",
      "integrity": "sha512-syloC6fsCt62ELLrr1VKBM1ggOpMdetX9hTrdW77UQdcApPHLmf7CI7OKcN1c9kYuNxKcDe4iJ4FY9sX3aw2xw==",
      "license": "MIT"
    },
    "node_modules/iconv-lite": {
      "version": "0.6.3",
      "resolved": "https://registry.npmjs.org/iconv-lite/-/iconv-lite-0.6.3.tgz",
      "integrity": "sha512-4fCk79wshMdzMp2rH06qWrJE4iolqLhCUH+OiuIgU++RB0+94NlDL81atO7GX55uUKueo0txHNtvEyI6D7WdMw==",
      "license": "MIT",
      "dependencies": {
        "safer-buffer": ">= 2.1.2 < 3.0.0"
      },
      "engines": {
        "node": ">=0.10.0"
      }
    },
    "node_modules/inherits": {
      "version": "2.0.4",
      "resolved": "https://registry.npmjs.org/inherits/-/inherits-2.0.4.tgz",
      "integrity": "sha512-k/vGaX4/Yla3WzyMCvTQOXYeIHvqOKtnqBduzTHpzpQZzAskKMhZ2K+EnBiSM9zGSoIFeMpXKxa4dYeZIQqewQ==",
      "license": "ISC"
    },
    "node_modules/ischanged": {
      "version": "4.0.0",
      "resolved": "https://registry.npmjs.org/ischanged/-/ischanged-4.0.0.tgz",
      "integrity": "sha512-BxDcd6AYg4NltCz7nyvy/8JV8cQvMwAR/EUm2Ix3dqz/RWUWvewoFZ657fj/0FYzZNB8Tl5bs69htIwrsW8WaA==",
      "license": "MIT",
      "dependencies": {
        "checkup": "^1.3.0",
        "debug": "^4.1.1",
        "mkdirp": "^1.0.3",
        "readjson": "^2.0.1",
        "timem": "^3.0.0",
        "try-to-catch": "^3.0.0",
        "writejson": "^3.0.0"
      },
      "engines": {
        "node": ">=14"
      }
    },
    "node_modules/jju": {
      "version": "1.4.0",
      "resolved": "https://registry.npmjs.org/jju/-/jju-1.4.0.tgz",
      "integrity": "sha512-8wb9Yw966OSxApiCt0K3yNJL8pnNeIv+OEq2YMidz4FKP6nonSRoOXc80iXY4JaN2FC11B9qsNmDsm+ZOfMROA==",
      "license": "MIT"
    },
    "node_modules/koffi": {
      "version": "2.12.3",
      "resolved": "https://registry.npmjs.org/koffi/-/koffi-2.12.3.tgz",
      "integrity": "sha512-VdUbreihzsJ6SAV9lm74/UkdvsPqOnkVAzdgtI7+kQlc0UZPtOdo28+dcquIhgSHQx3AO02gEz+3qtiEIhfM3w==",
      "hasInstallScript": true,
      "license": "MIT"
    },
    "node_modules/koffi-cream": {
      "version": "2.12.3",
      "resolved": "https://registry.npmjs.org/koffi-cream/-/koffi-cream-2.12.3.tgz",
      "integrity": "sha512-V9lvSxo1MdUVItj4sup2b3Y3xn5/Zr0NezNjkyeTVavPnnLauSVXO8uu+wfvCvtDDZP+A8KtZWhPiW/bMybVpQ==",
      "license": "MIT",
      "engines": {
        "node": "^12.22.0 || ^14.17.0 || ^15.12.0 || >= 16",
        "npm": ">= 10.4.0",
        "pnpm": ">= 7.1.0",
        "yarn": ">= 3.2.0"
      },
      "optionalDependencies": {
        "@septh/koffi-darwin-arm64": "2.12.3",
        "@septh/koffi-darwin-x64": "2.12.3",
        "@septh/koffi-freebsd-arm64": "2.12.3",
        "@septh/koffi-freebsd-x64": "2.12.3",
        "@septh/koffi-linux-arm64-glibc": "2.12.3",
        "@septh/koffi-linux-arm64-musl": "2.12.3",
        "@septh/koffi-linux-loong64": "2.12.3",
        "@septh/koffi-linux-riscv64": "2.12.3",
        "@septh/koffi-linux-x64-glibc": "2.12.3",
        "@septh/koffi-linux-x64-musl": "2.12.3",
        "@septh/koffi-openbsd-x64": "2.12.3",
        "@septh/koffi-win32-arm64": "2.12.3",
        "@septh/koffi-win32-x64": "2.12.3"
      }
    },
    "node_modules/libwin32": {
      "version": "0.8.1",
      "resolved": "https://registry.npmjs.org/libwin32/-/libwin32-0.8.1.tgz",
      "integrity": "sha512-EhdTzsvxw0fz6Q4C4hazUdsfRwHGCWXwBe8KrQ2Ff2KvxBMGQ9/kSU14knMNeb/O7ZfdMOPOcP4bM2rA7W6JhA==",
      "cpu": [
        "x64"
      ],
      "license": "MIT",
      "os": [
        "win32"
      ],
      "dependencies": {
        "koffi-cream": "^2.11.0"
      },
      "engines": {
        "node": ">= 20.6.0"
      }
    },
    "node_modules/mellow": {
      "version": "3.0.2",
      "resolved": "https://registry.npmjs.org/mellow/-/mellow-3.0.2.tgz",
      "integrity": "sha512-vTlQwFftuxvoDROiCospiGYvXcKcExhoFww+ywDgTh2tlK5/Axpms6SNE2bZaq/A/ojFupRG9VpDDs0uFpo+Jw==",
      "license": "MIT",
      "engines": {
        "node": ">=14"
      }
    },
    "node_modules/mkdirp": {
      "version": "1.0.4",
      "resolved": "https://registry.npmjs.org/mkdirp/-/mkdirp-1.0.4.tgz",
      "integrity": "sha512-vVqVZQyf3WLx2Shd0qJ9xuvqgAyKPLAiqITEtqW0oIUjzo3PePDd6fW9iFz30ef7Ysp/oiWqbhszeGWW2T6Gzw==",
      "license": "MIT",
      "bin": {
        "mkdirp": "bin/cmd.js"
      },
      "engines": {
        "node": ">=10"
      }
    },
    "node_modules/ms": {
      "version": "2.1.3",
      "resolved": "https://registry.npmjs.org/ms/-/ms-2.1.3.tgz",
      "integrity": "sha512-6FlzubTLZG3J2a/NVCAleEhjzq5oxgHyaCU9yYXvcLsvoVaHJq/s5xXI6/XXP6tz7R9xAOtHnSO/tXtF3WRTlA==",
      "license": "MIT"
    },
    "node_modules/nicki": {
      "version": "6.1.1",
      "resolved": "https://registry.npmjs.org/nicki/-/nicki-6.1.1.tgz",
      "integrity": "sha512-Ym4djRsGKqu6DcveR6DZW0T5QLkwavpc22IjrPM6YMC/IoR7zLZoLATV2CFp5PsNaxzlUxClECTflmV5ZqRHrw==",
      "license": "MIT",
      "dependencies": {
        "ischanged": "^4.0.0"
      },
      "engines": {
        "node": ">=14"
      }
    },
    "node_modules/node-addon-api": {
      "version": "3.2.1",
      "resolved": "https://registry.npmjs.org/node-addon-api/-/node-addon-api-3.2.1.tgz",
      "integrity": "sha512-mmcei9JghVNDYydghQmeDX8KoAm0FAiYyIcUt/N4nhyAipB17pllZQDOJD2fotxABnt4Mdz+dKTO7eftLg4d0A==",
      "license": "MIT"
    },
    "node_modules/node-gyp-build": {
      "version": "4.8.4",
      "resolved": "https://registry.npmjs.org/node-gyp-build/-/node-gyp-build-4.8.4.tgz",
      "integrity": "sha512-LA4ZjwlnUblHVgq0oBF3Jl/6h/Nvs5fzBLwdEF4nuxnFdsfajde4WfxtJr3CaiH+F6ewcIB/q4jQ4UzPyid+CQ==",
      "license": "MIT",
      "bin": {
        "node-gyp-build": "bin.js",
        "node-gyp-build-optional": "optional.js",
        "node-gyp-build-test": "build-test.js"
      }
    },
    "node_modules/once": {
      "version": "1.4.0",
      "resolved": "https://registry.npmjs.org/once/-/once-1.4.0.tgz",
      "integrity": "sha512-lNaJgI+2Q5URQBkccEKHTQOPaXdUxnZZElQTZY0MFUAuaEqe1E+Nyvgdz/aIyNi6Z9MzO5dv1H8n58/GELp3+w==",
      "license": "ISC",
      "dependencies": {
        "wrappy": "1"
      }
    },
    "node_modules/pend": {
      "version": "1.2.0",
      "resolved": "https://registry.npmjs.org/pend/-/pend-1.2.0.tgz",
      "integrity": "sha512-F3asv42UuXchdzt+xXqfW1OGlVBe+mxa2mqI0pg5yAHZPvFmY3Y6drSf/GQ1A86WgWEN9Kzh/WrgKa6iGcHXLg==",
      "license": "MIT"
    },
    "node_modules/pipe-io": {
      "version": "4.0.1",
      "resolved": "https://registry.npmjs.org/pipe-io/-/pipe-io-4.0.1.tgz",
      "integrity": "sha512-Wj9G85wJCpIgHq7xd0g4/IDjrA51pxmd+m9AbTiC6zRmWzVC6jOJIUyf92r7/B2+NE6zwqZIz0BZr85xkc3/Sg==",
      "license": "MIT",
      "engines": {
        "node": ">=8"
      }
    },
    "node_modules/pullout": {
      "version": "4.0.0",
      "resolved": "https://registry.npmjs.org/pullout/-/pullout-4.0.0.tgz",
      "integrity": "sha512-XdTGhHahLpHHP7uMFHZLquRDmSjylowP69jQB/bw9dbU8Caare+0c6hyTa3GUxguWTvoEcI8EzZCffyJtHW97A==",
      "license": "MIT",
      "engines": {
        "node": ">=10.0.0"
      }
    },
    "node_modules/readable-stream": {
      "version": "3.6.2",
      "resolved": "https://registry.npmjs.org/readable-stream/-/readable-stream-3.6.2.tgz",
      "integrity": "sha512-9u/sniCrY3D5WdsERHzHE4G2YCXqoG5FTHUiCC4SIbr6XcLZBY05ya9EKjYek9O5xOAwjGq+1JdGBAS7Q9ScoA==",
      "license": "MIT",
      "dependencies": {
        "inherits": "^2.0.3",
        "string_decoder": "^1.1.1",
        "util-deprecate": "^1.0.1"
      },
      "engines": {
        "node": ">= 6"
      }
    },
    "node_modules/readify": {
      "version": "10.0.1",
      "resolved": "https://registry.npmjs.org/readify/-/readify-10.0.1.tgz",
      "integrity": "sha512-2DTaAvn1V7HYpi8r6z9lIFrmz2R5PLuX2uweeZUTaLPOVFSKkDOhu2LqUzsrb6joIegpDAOlXCaIzfPbGiRsMw==",
      "license": "MIT",
      "dependencies": {
        "@cloudcmd/formatify": "^2.0.0",
        "@cloudcmd/sortify": "^2.0.0",
        "currify": "^4.0.0",
        "format-io": "^2.0.0",
        "nicki": "^6.0.0",
        "shortdate": "^2.0.0",
        "superstat": "^2.0.0",
        "try-to-catch": "^3.0.0"
      },
      "engines": {
        "node": ">=18"
      }
    },
    "node_modules/readjson": {
      "version": "2.2.2",
      "resolved": "https://registry.npmjs.org/readjson/-/readjson-2.2.2.tgz",
      "integrity": "sha512-PdeC9tsmLWBiL8vMhJvocq+OezQ3HhsH2HrN7YkhfYcTjQSa/iraB15A7Qvt7Xpr0Yd2rDNt6GbFwVQDg3HcAw==",
      "license": "MIT",
      "dependencies": {
        "jju": "^1.4.0",
        "try-catch": "^3.0.0"
      },
      "engines": {
        "node": ">=10"
      }
    },
    "node_modules/readzip": {
      "version": "2.0.0",
      "resolved": "https://registry.npmjs.org/readzip/-/readzip-2.0.0.tgz",
      "integrity": "sha512-g4ymmWXOWn2f7wCNBPlk4xsIVPPHLc/m+75KzaGUj1wDb6gMmbu/YU29+E7H2kwy5+7vw9PY8CU3D8qPMr7rIw==",
      "license": "MIT",
      "dependencies": {
        "once": "^1.4.0",
        "try-to-catch": "^3.0.0",
        "wraptile": "^3.0.0",
        "yauzl": "^2.10.0"
      },
      "engines": {
        "node": ">=16"
      }
    },
    "node_modules/readzip/node_modules/yauzl": {
      "version": "2.10.0",
      "resolved": "https://registry.npmjs.org/yauzl/-/yauzl-2.10.0.tgz",
      "integrity": "sha512-p4a9I6X6nu6IhoGmBqAcbJy1mlC4j27vEPZX9F4L4/vZT3Lyq1VkFHw/V/PUcB9Buo+DG3iHkT0x3Qya58zc3g==",
      "license": "MIT",
      "dependencies": {
        "buffer-crc32": "~0.2.3",
        "fd-slicer": "~1.1.0"
      }
    },
    "node_modules/redzip": {
      "version": "3.0.5",
      "resolved": "https://registry.npmjs.org/redzip/-/redzip-3.0.5.tgz",
      "integrity": "sha512-qe9FcxgmXP+F3G8XkkRyoGrHkmjbnkx0gD03SM//3MtRGv16IIZv/zSH2YO6O+ui4TzsGUPJSLHYfvOrswyW+Q==",
      "license": "MIT",
      "dependencies": {
        "@cloudcmd/formatify": "^2.0.1",
        "@cloudcmd/sortify": "^2.0.1",
        "format-io": "^2.0.0",
        "once": "^1.4.0",
        "pipe-io": "^4.0.1",
        "readify": "^10.0.0",
        "readzip": "^2.0.0",
        "totalist": "^3.0.1",
        "trammel": "^6.0.0",
        "try-to-catch": "^3.0.0",
        "wraptile": "^3.0.0",
        "yauzl": "^3.1.2",
        "yazl": "^2.5.1"
      },
      "engines": {
        "node": ">=18"
      }
    },
    "node_modules/ref-napi": {
      "version": "3.0.3",
      "resolved": "https://registry.npmjs.org/ref-napi/-/ref-napi-3.0.3.tgz",
      "integrity": "sha512-LiMq/XDGcgodTYOMppikEtJelWsKQERbLQsYm0IOOnzhwE9xYZC7x8txNnFC9wJNOkPferQI4vD4ZkC0mDyrOA==",
      "hasInstallScript": true,
      "license": "MIT",
      "dependencies": {
        "debug": "^4.1.1",
        "get-symbol-from-current-process-h": "^1.0.2",
        "node-addon-api": "^3.0.0",
        "node-gyp-build": "^4.2.1"
      },
      "engines": {
        "node": ">= 10.0"
      }
    },
    "node_modules/safe-buffer": {
      "version": "5.2.1",
      "resolved": "https://registry.npmjs.org/safe-buffer/-/safe-buffer-5.2.1.tgz",
      "integrity": "sha512-rp3So07KcdmmKbGvgaNxQSJr7bGVSVk5S9Eq1F+ppbRo70+YeaDxkw5Dd8NPN+GD6bjnYm2VuPuCXmpuYvmCXQ==",
      "funding": [
        {
          "type": "github",
          "url": "https://github.com/sponsors/feross"
        },
        {
          "type": "patreon",
          "url": "https://www.patreon.com/feross"
        },
        {
          "type": "consulting",
          "url": "https://feross.org/support"
        }
      ],
      "license": "MIT"
    },
    "node_modules/safer-buffer": {
      "version": "2.1.2",
      "resolved": "https://registry.npmjs.org/safer-buffer/-/safer-buffer-2.1.2.tgz",
      "integrity": "sha512-YZo3K82SD7Riyi0E1EQPojLz7kpepnSQI9IyPbHHg1XXXevb5dJI7tpyN2ADxGcQbHG7vcyRHk0cbwqcQriUtg==",
      "license": "MIT"
    },
    "node_modules/shortdate": {
      "version": "2.0.0",
      "resolved": "https://registry.npmjs.org/shortdate/-/shortdate-2.0.0.tgz",
      "integrity": "sha512-0AeHWLeOs1Jq73QAs5rKX+HLAHqVWctVem2Fzez+yCs879BlqrXJBgNOdGj3zZUoTvi+kS64ZmrH8MBM3xIoAw==",
      "license": "MIT"
    },
    "node_modules/string_decoder": {
      "version": "1.3.0",
      "resolved": "https://registry.npmjs.org/string_decoder/-/string_decoder-1.3.0.tgz",
      "integrity": "sha512-hkRX8U1WjJFd8LsDJ2yQ/wWWxaopEsABU1XfkM8A+j0+85JAGppt16cr1Whg6KIbb4okU6Mql6BOj+uup/wKeA==",
      "license": "MIT",
      "dependencies": {
        "safe-buffer": "~5.2.0"
      }
    },
    "node_modules/superstat": {
      "version": "2.0.3",
      "resolved": "https://registry.npmjs.org/superstat/-/superstat-2.0.3.tgz",
      "integrity": "sha512-c0nRjKHVu+spzI3QEvp6CBaDKR3ytl83KUtndbLHKUIhayXETk3MliJ4XPnfXTd7b4324R4/ACLkzuDbls9imQ==",
      "license": "MIT",
      "engines": {
        "node": ">=10"
      }
    },
    "node_modules/through2": {
      "version": "4.0.2",
      "resolved": "https://registry.npmjs.org/through2/-/through2-4.0.2.tgz",
      "integrity": "sha512-iOqSav00cVxEEICeD7TjLB1sueEL+81Wpzp2bY17uZjZN0pWZPuo4suZ/61VujxmqSGFfgOcNuTZ85QJwNZQpw==",
      "license": "MIT",
      "dependencies": {
        "readable-stream": "3"
      }
    },
    "node_modules/timem": {
      "version": "3.0.0",
      "resolved": "https://registry.npmjs.org/timem/-/timem-3.0.0.tgz",
      "integrity": "sha512-2gVEJ3GPEQcWmtHuyoafUrSQbpRQExEsR3xmPqtGLdERqb1ez32HW8iyVwz9P3FrTl5qmBJZf9zEIGLZKCCHGA==",
      "license": "MIT",
      "engines": {
        "node": ">=14"
      }
    },
    "node_modules/totalist": {
      "version": "3.0.1",
      "resolved": "https://registry.npmjs.org/totalist/-/totalist-3.0.1.tgz",
      "integrity": "sha512-sf4i37nQ2LBx4m3wB74y+ubopq6W/dIzXg0FDGjsYnZHVa1Da8FH853wlL2gtUhg+xJXjfk3kUZS3BRoQeoQBQ==",
      "license": "MIT",
      "engines": {
        "node": ">=6"
      }
    },
    "node_modules/trammel": {
      "version": "6.0.2",
      "resolved": "https://registry.npmjs.org/trammel/-/trammel-6.0.2.tgz",
      "integrity": "sha512-4R+KQTL0apLzUureW4TrA3SzjpMY0DGys53lNyVXdgV/08IkeIIvHhIQ9Jkc0eG7X51WwWVssx+ZTrYPG7UGOA==",
      "license": "MIT",
      "dependencies": {
        "format-io": "^2.0.0",
        "try-to-catch": "^3.0.0"
      },
      "engines": {
        "node": ">=18"
      }
    },
    "node_modules/try-catch": {
      "version": "3.0.1",
      "resolved": "https://registry.npmjs.org/try-catch/-/try-catch-3.0.1.tgz",
      "integrity": "sha512-91yfXw1rr/P6oLpHSyHDOHm0vloVvUoo9FVdw8YwY05QjJQG9OT0LUxe2VRAzmHG+0CUOmI3nhxDUMLxDN/NEQ==",
      "license": "MIT",
      "engines": {
        "node": ">=6"
      }
    },
    "node_modules/try-to-catch": {
      "version": "3.0.1",
      "resolved": "https://registry.npmjs.org/try-to-catch/-/try-to-catch-3.0.1.tgz",
      "integrity": "sha512-hOY83V84Hx/1sCzDSaJA+Xz2IIQOHRvjxzt+F0OjbQGPZ6yLPLArMA0gw/484MlfUkQbCpKYMLX3VDCAjWKfzQ==",
      "license": "MIT",
      "engines": {
        "node": ">=6"
      }
    },
    "node_modules/util-deprecate": {
      "version": "1.0.2",
      "resolved": "https://registry.npmjs.org/util-deprecate/-/util-deprecate-1.0.2.tgz",
      "integrity": "sha512-EPD5q1uXyFxJpCrLnCc1nHnq3gOa6DZBocAIiI2TaSCA7VCJ1UJDMagCzIkXNsUYfD1daK//LTEQ8xiIbrHtcw==",
      "license": "MIT"
    },
    "node_modules/win32": {
      "version": "7.2.0",
      "resolved": "https://registry.npmjs.org/win32/-/win32-7.2.0.tgz",
      "integrity": "sha512-WkQVTiAnZUcyMeE6KLhWb3zqkVXb1CeZ9cHfEY5W2e1LsrEjGswGr/5SUrZC1bhgD4+LeLskrAwITPeGuJUP8w==",
      "license": "MIT",
      "dependencies": {
        "fullstore": "^3.0.0",
        "iconv-lite": "^0.6.2",
        "mellow": "^3.0.0",
        "pullout": "^4.0.0",
        "redzip": "^3.0.0",
        "through2": "^4.0.2"
      },
      "engines": {
        "node": ">=16"
      }
    },
    "node_modules/win32-api": {
      "version": "26.1.2",
      "resolved": "https://registry.npmjs.org/win32-api/-/win32-api-26.1.2.tgz",
      "integrity": "sha512-6pFihEkolpU8PIPk3pbBa/Wn2S9esHAbRrlvRObKRARMdXb2dpe50J5FRApOhK8HCbyI4/uS6qtxZ/hKpr+8Kw==",
      "license": "MIT",
      "dependencies": {
        "win32-def": "^26.1.2"
      },
      "engines": {
        "node": ">=20.11.0"
      }
    },
    "node_modules/win32-def": {
      "version": "26.1.2",
      "resolved": "https://registry.npmjs.org/win32-def/-/win32-def-26.1.2.tgz",
      "integrity": "sha512-vk65D1jZt6t0cTpP8fdUPbHobneOKPyYpk8ADIjUTq4aDkfNiHtbIAPqz/bqYABFZqRU7NCREqf5v7EOz3lstg==",
      "license": "MIT",
      "dependencies": {
        "@waiting/shared-types": "^23.24.0",
        "koffi": "^2.9.2"
      },
      "engines": {
        "node": ">=18.11.0"
      }
    },
    "node_modules/wrappy": {
      "version": "1.0.2",
      "resolved": "https://registry.npmjs.org/wrappy/-/wrappy-1.0.2.tgz",
      "integrity": "sha512-l4Sp/DRseor9wL6EvV2+TuQn63dMkPjZ/sp9XkghTEbV9KlPS1xUsZ3u7/IQO4wxtcFB4bgpQPRcR3QCvezPcQ==",
      "license": "ISC"
    },
    "node_modules/wraptile": {
      "version": "3.0.0",
      "resolved": "https://registry.npmjs.org/wraptile/-/wraptile-3.0.0.tgz",
      "integrity": "sha512-23LJhkIw940uTcDFyJZmNyO0z8lEINOTGCr4vR5YCG3urkdXwduRIhivBm9wKaVynLHYvxoHHYbKsDiafCLp6w==",
      "license": "MIT"
    },
    "node_modules/writejson": {
      "version": "3.0.0",
      "resolved": "https://registry.npmjs.org/writejson/-/writejson-3.0.0.tgz",
      "integrity": "sha512-ekMZxrB4zBl0RHBlObSVcU+2Nx7Xe9vZLcgJFe2oHLfgkjl5LueAgilGrgXVKJRs/y/xP3FteyvUP3QurJ058A==",
      "license": "MIT",
      "dependencies": {
        "try-catch": "^3.0.0"
      },
      "engines": {
        "node": ">=10.0.0"
      }
    },
    "node_modules/yauzl": {
      "version": "3.2.0",
      "resolved": "https://registry.npmjs.org/yauzl/-/yauzl-3.2.0.tgz",
      "integrity": "sha512-Ow9nuGZE+qp1u4JIPvg+uCiUr7xGQWdff7JQSk5VGYTAZMDe2q8lxJ10ygv10qmSj031Ty/6FNJpLO4o1Sgc+w==",
      "license": "MIT",
      "dependencies": {
        "buffer-crc32": "~0.2.3",
        "pend": "~1.2.0"
      },
      "engines": {
        "node": ">=12"
      }
    },
    "node_modules/yazl": {
      "version": "2.5.1",
      "resolved": "https://registry.npmjs.org/yazl/-/yazl-2.5.1.tgz",
      "integrity": "sha512-phENi2PLiHnHb6QBVot+dJnaAZ0xosj7p3fWl+znIjBDlnMI2PsZCJZ306BPTFOaHf5qdDEI8x5qFrSOBN5vrw==",
      "license": "MIT",
      "dependencies": {
        "buffer-crc32": "~0.2.3"
      }
    }
  }
}
